github.com/bmatcuk/doublestar/v4 v4.6.1/go.mod h1:xBQ8jztBU6kakFMg+8WGxn0c6z1fTSPVIjEY1Wr7jzc=
github.com/bmatcuk/doublestar/v4 v4.10.0 h1:zU9WiOla1YA122oLM6i4EXvGW62DvKZVxIe6TYWexEs=
github.com/bmatcuk/doublestar/v4 v4.10.0/go.mod h1:xBQ8jztBU6kakFMg+8WGxn0c6z1fTSPVIjEY1Wr7jzc=
github.com/casbin/casbin/v3 v3.10.0 h1:039ORla55vCeIZWd0LfzWFt1yiEA5X4W41xBW2bQuHs=
github.com/casbin/casbin/v3 v3.10.0/go.mod h1:5rJbQr2e6AuuDDNxnPc5lQlC9nIgg6nS1zYwKXhpHC8=
github.com/casbin/govaluate v1.3.0/go.mod h1:G/UnbIjZk/0uMNaLwZZmFQrR72tYRZWQkO70si/iR7A=
github.com/casbin/govaluate v1.10.0 h1:ffGw51/hYH3w3rZcxO/KcaUIDOLP84w7nsidMVgaDG0=
github.com/casbin/govaluate v1.10.0/go.mod h1:G/UnbIjZk/0uMNaLwZZmFQrR72tYRZWQkO70si/iR7A=
github.com/google/uuid v1.6.0 h1:NIvaJDMOsjHA8n1jAhLSgzrAzy1Hgr+hNrb57e+94F0=
github.com/google/uuid v1.6.0/go.mod h1:TIyPZe4MgqvfeYDBFedMoGGpEw/LqOeaOT+nhxU+yHo=
github.com/larsartmann/go-branded-id v0.3.0 h1:3uE01+ymNTfsvtLMRSiux+6TjPZX5+frqR5Ub3Cj+w0=
github.com/larsartmann/go-branded-id v0.3.0/go.mod h1:O9fhyzY3DxtLsswpR7XaI+VbCM9182ZbZQLjfFFanLk=
github.com/larsartmann/go-cqrs-lite/core v1.5.0 h1:w9BY5GrM09PecMQU6gG40C7b64p5Hb04K36N4ydt0Eo=
github.com/larsartmann/go-cqrs-lite/core v1.5.0/go.mod h1:yI424QtMFG+vRTu5NkuIw6XhNvoZbooxtRs+IVQff6g=
github.com/larsartmann/go-cqrs-lite/memory v1.2.0 h1:8wevS8yNTxGQvyHAAeiNaMvk5TrnjYQdN1/YtVSyff0=
github.com/larsartmann/go-cqrs-lite/memory v1.2.0/go.mod h1:HG+/2Wkew71LaeYLWCYUacIiuYfO7B7jcVrGLoidsJc=
github.com/larsartmann/go-cqrs-lite/testhelpers v1.2.0 h1:6Om1Hr1Eh8kOQ1E3h4YaU4sDueiiOeykcck23ws/3Xo=
github.com/larsartmann/go-cqrs-lite/testhelpers v1.2.0/go.mod h1:g0xy7rpADAb3i+9yuTXLIkzWvnwKSdsNjLUp20t1uZ8=
github.com/larsartmann/go-error-family v0.1.0 h1:iWy1iZd1/CALHvmk9pB7vbx9/NB/zKilqGUupgFFupU=
github.com/larsartmann/go-error-family v0.1.0/go.mod h1:iUN9N/5VyaUZ8OkUQKnoiXioUdtAmcONNaxnzC3X4e8=
github.com/oklog/ulid/v2 v2.1.1 h1:suPZ4ARWLOJLegGFiZZ1dFAkqzhMjL3J1TzI+5wHz8s=
github.com/oklog/ulid/v2 v2.1.1/go.mod h1:rcEKHmBBKfef9DhnvX7y1HZBYxjXb0cP5ExxNsTT1QQ=
github.com/pborman/getopt v0.0.0-20170112200414-7148bc3a4c30/go.mod h1:85jBQOZwpVEaDAr341tbn15RS4fCAsIst0qp7i8ex1o=
golang.org/x/crypto v0.51.0 h1:IBPXwPfKxY7cWQZ38ZCIRPI50YLeevDLlLnyC5wRGTI=
golang.org/x/crypto v0.51.0/go.mod h1:8AdwkbraGNABw2kOX6YFPs3WM22XqI4EXEd8g+x7Oc8=
