github.com/CAFxX/httpcompression v0.0.9 h1:0ue2X8dOLEpxTm8tt+OdHcgA+gbDge0OqFQWGKSqgrg=
github.com/CAFxX/httpcompression v0.0.9/go.mod h1:XX8oPZA+4IDcfZ0A71Hz0mZsv/YJOgYygkFhizVPilM=
github.com/Masterminds/semver/v3 v3.5.0 h1:kQceYJfbupGfZOKZQg0kou0DgAKhzDg2NZPAwZ/2OOE=
github.com/Masterminds/semver/v3 v3.5.0/go.mod h1:4V+yj/TJE1HU9XfppCwVMZq3I84lprf4nC11bSS5beM=
github.com/andybalholm/brotli v1.0.5/go.mod h1:fO7iG3H7G2nSZ7m0zPUDn85XEX2GTukHGRSepvi9Eig=
github.com/andybalholm/brotli v1.2.1 h1:R+f5xP285VArJDRgowrfb9DqL18yVK0gKAW/F+eTWro=
github.com/andybalholm/brotli v1.2.1/go.mod h1:rzTDkvFWvIrjDXZHkuS16NPggd91W3kUSvPlQ1pLaKY=
github.com/davecgh/go-spew v1.1.0/go.mod h1:J7Y8YcW2NihsgmVo/mv3lAwl/skON4iLHjSsI+c5H38=
github.com/davecgh/go-spew v1.1.1 h1:vj9j/u1bqnvCEfJOwUhtlOARqs3+rkHYY13jYWTU97c=
github.com/davecgh/go-spew v1.1.1/go.mod h1:J7Y8YcW2NihsgmVo/mv3lAwl/skON4iLHjSsI+c5H38=
github.com/go-logr/logr v1.4.3 h1:CjnDlHq8ikf6E492q6eKboGOC0T8CDaOvkHCIg8idEI=
github.com/go-logr/logr v1.4.3/go.mod h1:9T104GzyrTigFIr8wt5mBrctHMim0Nb2HLGrmQ40KvY=
github.com/go-task/slim-sprig/v3 v3.0.0 h1:sUs3vkvUymDpBKi3qH1YSqBQk9+9D/8M2mN1vB6EwHI=
github.com/go-task/slim-sprig/v3 v3.0.0/go.mod h1:W848ghGpv3Qj3dhTPRyJypKRiqCdHZiAzKg9hl15HA8=
github.com/google/brotli/go/cbrotli v0.0.0-20230829110029-ed738e842d2f h1:jopqB+UTSdJGEJT8tEqYyE29zN91fi2827oLET8tl7k=
github.com/google/brotli/go/cbrotli v0.0.0-20230829110029-ed738e842d2f/go.mod h1:nOPhAkwVliJdNTkj3gXpljmWhjc4wCaVqbMJcPKWP4s=
github.com/google/go-cmp v0.7.0 h1:wk8382ETsv4JYUZwIsn6YpYiWiBsYLSJiTsyBybVuN8=
github.com/google/go-cmp v0.7.0/go.mod h1:pXiqmnSA92OHEEa9HXL2W4E7lf9JzCmGVUdgjX3N/iU=
github.com/google/pprof v0.0.0-20260507013755-92041b743c96 h1:YDDnaZ9afWajDboPMt9Vikqca/yWAX7KAxVzb4lJU1M=
github.com/google/pprof v0.0.0-20260507013755-92041b743c96/go.mod h1:MxpfABSjhmINe3F1It9d+8exIHFvUqtLIRCdOGNXqiI=
github.com/klauspost/compress v1.16.7/go.mod h1:ntbaceVETuRiXiv4DpjP66DpAtAGkEQskQzEyD//IeE=
github.com/klauspost/compress v1.18.6 h1:2jupLlAwFm95+YDR+NwD2MEfFO9d4z4Prjl1XXDjuao=
github.com/klauspost/compress v1.18.6/go.mod h1:cwPg85FWrGar70rWktvGQj8/hthj3wpl0PGDogxkrSQ=
github.com/klauspost/pgzip v1.2.6/go.mod h1:Ch1tH69qFZu15pkjo5kYi6mth2Zzwzt50oCQKQE9RUs=
github.com/larsartmann/go-branded-id v0.3.0 h1:3uE01+ymNTfsvtLMRSiux+6TjPZX5+frqR5Ub3Cj+w0=
github.com/larsartmann/go-branded-id v0.3.0/go.mod h1:O9fhyzY3DxtLsswpR7XaI+VbCM9182ZbZQLjfFFanLk=
github.com/larsartmann/go-cqrs-lite/codec/v2 v2.1.0 h1:sBsGGiXXbbdGyKqXyav63or/XrnU6RQFc+yHa+XxKFc=
github.com/larsartmann/go-cqrs-lite/codec/v2 v2.1.0/go.mod h1:50woocxkEaz+2Pm8m53KKsNOIU+7bDvTx43LydVgOeQ=
github.com/larsartmann/go-cqrs-lite/command/v2 v2.1.0 h1:+9R+rzxb0bfvPGrlTtmERQFX8bywuL2lqj33gJHSOwQ=
github.com/larsartmann/go-cqrs-lite/command/v2 v2.1.0/go.mod h1:HQ/bas29w0s+hn0t1vas9vz4vjq/yTzOpHkK7ePNlQ4=
github.com/larsartmann/go-cqrs-lite/dispatcher/v2 v2.1.0 h1:GAUYrsVQ2oNf8FuOexwpUpFinWX/t58i+jVZIHRSI/w=
github.com/larsartmann/go-cqrs-lite/dispatcher/v2 v2.1.0/go.mod h1:Y+gun/Vi0Yyrinarr4DcgZkjWDRlktqdeuM4YkXkKdQ=
github.com/larsartmann/go-cqrs-lite/event/v2 v2.1.0 h1:V53rx03mGJp3I1Y1ZzYqgnqelohP5apaisEleAUYsBU=
github.com/larsartmann/go-cqrs-lite/event/v2 v2.1.0/go.mod h1:Lf0aMVTjpfPLrbCu4nJj8vRJKcS4MH6pVIcSuw7+JG0=
github.com/larsartmann/go-cqrs-lite/id/v2 v2.1.0 h1:mOW9tTvrICfvKrVucRz3xH6UBacHSCuIoRS3FPDOkjo=
github.com/larsartmann/go-cqrs-lite/id/v2 v2.1.0/go.mod h1:Q7Odas/7vgduH0VkLOlzQ/O2zTzRx0xYChDHt/Mf0y4=
github.com/larsartmann/go-cqrs-lite/memory/v2 v2.1.0 h1:wR+6OhMp6XwlZhqNnUCsGtGwICZTqEW/m/LHnnUBxVo=
github.com/larsartmann/go-cqrs-lite/memory/v2 v2.1.0/go.mod h1:zLgrbF7EbfQQGmWZEadNPf5bHTaBrIQMTOQCTR6yFxg=
github.com/larsartmann/go-cqrs-lite/query/v2 v2.1.0 h1:YbOh4fywAMZCQMCFvtiWSJ+/0T2/Gpx3bJMzzxoPAEc=
github.com/larsartmann/go-cqrs-lite/query/v2 v2.1.0/go.mod h1:9WDv6cPegAZhPvcQ/NY+L8suMixrY/8oXjPzmKNj9a8=
github.com/larsartmann/go-cqrs-lite/schema/v2 v2.1.0 h1:72w/VTOsZvX6xVxzW4IgYHb4t/kCejAd0U/I8X94r4A=
github.com/larsartmann/go-cqrs-lite/schema/v2 v2.1.0/go.mod h1:gG+5sHwVYQ0BWbYqv29NK6QCO6BZSaQiYQpXn1D4exA=
github.com/larsartmann/go-cqrs-lite/snapshot/v2 v2.1.0 h1:qOMZVruo7I4faySdYiD+cKnfC6KJFmiYUv3Z/Ll3b5A=
github.com/larsartmann/go-cqrs-lite/snapshot/v2 v2.1.0/go.mod h1:kxvaQYOPJPhnr9r8jbpz52iXlaRWfNzrfVWiLAWEXjQ=
github.com/larsartmann/go-error-family v0.3.0 h1:ozA/xt9C+o+4o6bbt/vrMZDCL+ZvBjJVV79fjNkz3+8=
github.com/larsartmann/go-error-family v0.3.0/go.mod h1:Fz+CKBOHHFZAeiZ/GFbY0JiiXBei+SqY8nznz2XpeaM=
github.com/oklog/ulid/v2 v2.1.1 h1:suPZ4ARWLOJLegGFiZZ1dFAkqzhMjL3J1TzI+5wHz8s=
github.com/oklog/ulid/v2 v2.1.1/go.mod h1:rcEKHmBBKfef9DhnvX7y1HZBYxjXb0cP5ExxNsTT1QQ=
github.com/onsi/ginkgo/v2 v2.29.0 h1:rfh+ZFjgJhYWRoIqVf3Uwx/W20yLrcrE2h2GmYVRaag=
github.com/onsi/ginkgo/v2 v2.29.0/go.mod h1:+aXOY+vzZ5mu2iI2HpTZUPmM//oQfsNFX6gU9kNcA44=
github.com/onsi/gomega v1.41.0 h1:OwKp4pXNgVxf6sCplzYo794OFNuoL2q2SBMU5NSWOjA=
github.com/onsi/gomega v1.41.0/go.mod h1:M/Uqpu/8qTjtzCLUA2zJHX9Iilrau25x1PdoSRbWh5A=
github.com/pborman/getopt v0.0.0-20170112200414-7148bc3a4c30/go.mod h1:85jBQOZwpVEaDAr341tbn15RS4fCAsIst0qp7i8ex1o=
github.com/pierrec/lz4/v4 v4.1.18 h1:xaKrnTkyoqfh1YItXl56+6KJNVYWlEEPuAQW9xsplYQ=
github.com/pierrec/lz4/v4 v4.1.18/go.mod h1:gZWDp/Ze/IJXGXf23ltt2EXimqmTUXEy0GFuRQyBid4=
github.com/pmezard/go-difflib v1.0.0 h1:4DBwDE0NGyQoBHbLQYPwSUPoCMWR5BEzIk/f1lZbAQM=
github.com/pmezard/go-difflib v1.0.0/go.mod h1:iKH77koFhYxTK1pcRnkKkqfTogsbg7gZNVY4sRDYZ/4=
github.com/samber/lo v1.53.0 h1:t975lj2py4kJPQ6haz1QMgtId2gtmfktACxIXArw3HM=
github.com/samber/lo v1.53.0/go.mod h1:4+MXEGsJzbKGaUEQFKBq2xtfuznW9oz/WrgyzMzRoM0=
github.com/samber/ro v0.3.0 h1:fxrdIL9yuA6JiGQuPE/xSXovowdG6+WcMBCCEL00wVk=
github.com/samber/ro v0.3.0/go.mod h1:eInj5R1BbXfGoT1ef0HIO5Qie0wlPkkyL0koOaEmfNM=
github.com/starfederation/datastar-go v1.2.2 h1:f+U2y5FY5tXgXaTVXkuKu+Tz9uh7BU1j8jxthYmcC9Q=
github.com/starfederation/datastar-go v1.2.2/go.mod h1:stm83LQkhZkwa5GzzdPEN6dLuu8FVwxIv0w1DYkbD3w=
github.com/stretchr/objx v0.1.0/go.mod h1:HFkY916IF+rwdDfMAkV7OtwuqBVzrE8GR6GFx+wExME=
github.com/stretchr/objx v0.4.0/go.mod h1:YvHI0jy2hoMjB+UWwv71VJQ9isScKT/TqJzVSSt89Yw=
github.com/stretchr/objx v0.5.0/go.mod h1:Yh+to48EsGEfYuaHDzXPcE3xhTkx73EhmCGUpEOglKo=
github.com/stretchr/testify v1.7.1/go.mod h1:6Fq8oRcR53rry900zMqJjRRixrwX3KX962/h/Wwjteg=
github.com/stretchr/testify v1.8.0/go.mod h1:yNjHg4UonilssWZ8iaSj1OCr/vHnekPRkoO+kdMU+MU=
github.com/stretchr/testify v1.8.4/go.mod h1:sz/lmYIOXD/1dqDmKjjqLyZ2RngseejIcXlSw2iwfAo=
github.com/stretchr/testify v1.11.1 h1:7s2iGBzp5EwR7/aIZr8ao5+dra3wiQyKjjFuvgVKu7U=
github.com/stretchr/testify v1.11.1/go.mod h1:wZwfW3scLgRK+23gO65QZefKpKQRnfz6sD981Nm4B6U=
github.com/ulikunitz/xz v0.5.11/go.mod h1:nbz6k7qbPmH4IRqmfOplQw/tblSgqTqBwxkY0oWt/14=
github.com/valyala/bytebufferpool v1.0.0 h1:GqA5TC/0021Y/b9FG4Oi9Mr3q7XYx6KllzawFIhcdPw=
github.com/valyala/bytebufferpool v1.0.0/go.mod h1:6bBcMArwyJ5K/AmCkWv1jt77kVWyCJ6HpOuEn7z0Csc=
github.com/valyala/gozstd v1.20.1 h1:xPnnnvjmaDDitMFfDxmQ4vpx0+3CdTg2o3lALvXTU/g=
github.com/valyala/gozstd v1.20.1/go.mod h1:y5Ew47GLlP37EkTB+B4s7r6A5rdaeB7ftbl9zoYiIPQ=
github.com/xyproto/randomstring v1.0.5 h1:YtlWPoRdgMu3NZtP45drfy1GKoojuR7hmRcnhZqKjWU=
github.com/xyproto/randomstring v1.0.5/go.mod h1:rgmS5DeNXLivK7YprL0pY+lTuhNQW3iGxZ18UQApw/E=
go.yaml.in/yaml/v3 v3.0.4 h1:tfq32ie2Jv2UxXFdLJdh3jXuOzWiL1fo0bu/FbuKpbc=
go.yaml.in/yaml/v3 v3.0.4/go.mod h1:DhzuOOF2ATzADvBadXxruRBLzYTpT36CKvDb3+aBEFg=
golang.org/x/exp v0.0.0-20260603202125-055de637280b h1:v1uXiEBHo8QA0LiGCo7UgHMzHT4Kdfpl2zmtH5vaP1Q=
golang.org/x/exp v0.0.0-20260603202125-055de637280b/go.mod h1:d2fgXJLVs4dYDHUk5lwMIfzRzSrWCfGZb0ZqeLa/Vcw=
golang.org/x/mod v0.36.0 h1:JJjpVx6myfUsUdAzZuOSTTmRE0PfZeNWzzvKrP7amb4=
golang.org/x/mod v0.36.0/go.mod h1:moc6ELqsWcOw5Ef3xVprK5ul/MvtVvkIXLziUOICjUQ=
golang.org/x/net v0.55.0 h1:bcvxaJn3e1U6InsFWt1JUq1aSjnRxLzT2rtD2KfkDF8=
golang.org/x/net v0.55.0/go.mod h1:L5U2KuzuOe1lY7Z+aWVIKK6qEeJXnXV9yzGA+WCHJww=
golang.org/x/sync v0.20.0 h1:e0PTpb7pjO8GAtTs2dQ6jYa5BWYlMuX047Dco/pItO4=
golang.org/x/sync v0.20.0/go.mod h1:9xrNwdLfx4jkKbNva9FpL6vEN7evnE43NNNJQ2LF3+0=
golang.org/x/sys v0.45.0 h1:dO4czNzziLiiXplLQgBCEpCvXQ3dnkn0SdaZSYdQ+FY=
golang.org/x/sys v0.45.0/go.mod h1:4GL1E5IUh+htKOUEOaiffhrAeqysfVGipDYzABqnCmw=
golang.org/x/text v0.37.0 h1:Cqjiwd9eSg8e0QAkyCaQTNHFIIzWtidPahFWR83rTrc=
golang.org/x/text v0.37.0/go.mod h1:a5sjxXGs9hsn/AJVwuElvCAo9v8QYLzvavO5z2PiM38=
golang.org/x/tools v0.45.0 h1:18qN3FAooORvApf5XjCXgsuayZOEtXf6JK18I3+ONa8=
golang.org/x/tools v0.45.0/go.mod h1:LuUGqqaXcXMEFEruIVJVm5mgDD8vww/z/SR1gQ4uE/0=
gopkg.in/check.v1 v0.0.0-20161208181325-20d25e280405/go.mod h1:Co6ibVJAznAaIkqp8huTwlJQCZ016jof/cbN4VW5Yz0=
gopkg.in/yaml.v3 v3.0.0-20200313102051-9f266ea9e77c/go.mod h1:K4uyk7z7BCEPqu6E+C64Yfv1cQ7kz7rIZviUmN+EgEM=
gopkg.in/yaml.v3 v3.0.1 h1:fxVm/GzAzEWqLHuvctI91KS9hhNmmWOoWu0XTYJS7CA=
gopkg.in/yaml.v3 v3.0.1/go.mod h1:K4uyk7z7BCEPqu6E+C64Yfv1cQ7kz7rIZviUmN+EgEM=
