github.com/Oudwins/tailwind-merge-go v0.2.2 h1:5CvKoyU8riD05wawuJpcr2OxtxHQHkSm+V6nCcsa/ao=
github.com/Oudwins/tailwind-merge-go v0.2.2/go.mod h1:kkZodgOPvZQ8f7SIrlWkG/w1g9JTbtnptnePIh3V72U=
github.com/a-h/templ v0.3.1020 h1:ypAT/L5ySWEnZ6Zft/5yfoWXYYkhFNvEFOeeqecg4tw=
github.com/a-h/templ v0.3.1020/go.mod h1:A2DlK61v+K+NRoGnhmYbNYVmtYHcFO5/AisMvBdDxTM=
github.com/cespare/xxhash/v2 v2.3.0 h1:UL815xU9SqsFlibzuggzjXhog7bL6oX9BbNZnL2UFvs=
github.com/cespare/xxhash/v2 v2.3.0/go.mod h1:VGX0DQ3Q6kWi7AoAeZDth3/j3BFtOZR5XLFGgcrjCOs=
github.com/fxamacker/cbor/v2 v2.9.2 h1:X4Ksno9+x3cz0TZv69ec1hxP/+tymuR8PXQJyDwfh78=
github.com/fxamacker/cbor/v2 v2.9.2/go.mod h1:vM4b+DJCtHn+zz7h3FFp/hDAI9WNWCsZj23V5ytsSxQ=
github.com/go-logr/logr v1.2.2/go.mod h1:jdQByPbusPIv2/zmleS9BjJVeZ6kBagPoEUsqbVz/1A=
github.com/go-logr/logr v1.4.4 h1:tG4xh9yMsRCAiodLVTxyrkzSZ9+o0L1Kg/+cPVcbP/8=
github.com/go-logr/logr v1.4.4/go.mod h1:9T104GzyrTigFIr8wt5mBrctHMim0Nb2HLGrmQ40KvY=
github.com/go-logr/stdr v1.2.2 h1:hSWxHoqTgW2S2qGc0LTAI563KZ5YKYRhT3MFKZMbjag=
github.com/go-logr/stdr v1.2.2/go.mod h1:mMo/vtBO5dYbehREoey6XUKy/eSumjCCveDpRre4VKE=
github.com/larsartmann/go-branded-id v0.3.2 h1:Vbe5/LRuR2ycDFpDKuuuG8brBRYvSYcOU1nqV8IIZPI=
github.com/larsartmann/go-branded-id v0.3.2/go.mod h1:xoQYcGTGrMqRYB8cMKHe2efq8S6stQGg3nW4DzXVWpA=
github.com/larsartmann/go-cqrs-lite/codec/v4 v4.1.0 h1:1VMIzpCvZNnHXMUVVozK/Ry/axE8VghW/nTPlJ/4snU=
github.com/larsartmann/go-cqrs-lite/codec/v4 v4.1.0/go.mod h1:oTU45uDM1bhVbRNPtBPLG0oU7oMZGsiPWXTmT+QO7C4=
github.com/larsartmann/go-cqrs-lite/command/v4 v4.1.0 h1:BQnJOJxHHk3N9gbqTFkXtWj6Z+4qkNBQ+RstWjvoNuU=
github.com/larsartmann/go-cqrs-lite/command/v4 v4.1.0/go.mod h1:d8bSHMpjH5EoGaM5Emn7ueoNPQnqkx3PB6yMocUR400=
github.com/larsartmann/go-cqrs-lite/dedup/v4 v4.1.0 h1:NgG+USbi0Wfy8HDiatTNE/+v5w/HGCvkIvxm7hRVZzw=
github.com/larsartmann/go-cqrs-lite/dedup/v4 v4.1.0/go.mod h1:NM/NacdpWxfy7swhdOL4qdWjra/lOZ9zXvr6qgixbjg=
github.com/larsartmann/go-cqrs-lite/event/v4 v4.1.0 h1:EssSksyENG2Qgqn8bea78KKMhARmtHphmcU+T1aKc2o=
github.com/larsartmann/go-cqrs-lite/event/v4 v4.1.0/go.mod h1:PIoAy5y5lUKCsksPuteSRAyvmnToRMuHwhslgqFiH7Q=
github.com/larsartmann/go-cqrs-lite/id/v4 v4.1.0 h1:oRJ33DOsmY8wq56yaGnhZROoip74ZT1J0locXmvoHI8=
github.com/larsartmann/go-cqrs-lite/id/v4 v4.1.0/go.mod h1:iHlAqpKHZ+HT7gafWJoy3p2x1d4+dYVLXpEbSaEBiXg=
github.com/larsartmann/go-cqrs-lite/listing/v4 v4.1.0 h1:9xkVnDpkUsURmcmyEhd0I3geh7rUUPW9k96kFdPmbwE=
github.com/larsartmann/go-cqrs-lite/listing/v4 v4.1.0/go.mod h1:jtUZ3d4uXOB1o+MrGufcxVHjBA0++6kscGxmu3SVqVw=
github.com/larsartmann/go-cqrs-lite/projection/v4 v4.1.0 h1:nFQSM/vxUU46HclZc1PE96iCL4JC/Re6L0J7TTkfzjA=
github.com/larsartmann/go-cqrs-lite/projection/v4 v4.1.0/go.mod h1:EqyN8s0JcFqNkXted5gLUWd6E2NiJTffiXhwyAAxwQ0=
github.com/larsartmann/go-cqrs-lite/projectionhost/v4 v4.1.0 h1:x27Upql1mxYIWr57XlB8YB7UJthweuyQPgk5YNlDynI=
github.com/larsartmann/go-cqrs-lite/projectionhost/v4 v4.1.0/go.mod h1:uLN6qQZbeX0YHIYBgTe6ARV6InrszQ3AvT3jloJJvVY=
github.com/larsartmann/go-cqrs-lite/query/v4 v4.1.0 h1:axNv6S9pIzvEPN7E7liORtGTfLnHAhM0FBHlhh7qsuY=
github.com/larsartmann/go-cqrs-lite/query/v4 v4.1.0/go.mod h1:HaDwpxArq0oxdFMIIKKGmjn9VtiNMKjqjGEE1LpGN34=
github.com/larsartmann/go-cqrs-lite/snapshot/v4 v4.1.0 h1:VMv/Uo/Epu9QjtiEG1rGmp5H+iBMt9F1Cm6xz72aKLo=
github.com/larsartmann/go-cqrs-lite/snapshot/v4 v4.1.0/go.mod h1:JJlTptflj6Qy5hCfLHSeGJXs+v32+YfCwxvVZXkdJMs=
github.com/larsartmann/go-error-family v0.8.0 h1:dBdOJ4VKINK/90JJqSJb5LwEW5fnU9wzU23rLp2FGp4=
github.com/larsartmann/go-error-family v0.8.0/go.mod h1:JEvLiYWT8p9WrNXrD1Ow97DphYsB9Bksr2lNmwG3Vm4=
github.com/larsartmann/go-error-family v0.9.0 h1:DpIAvgi5q6+HrGbMNc979yO/0rq/uFaQLvqt33GiEaE=
github.com/larsartmann/go-error-family v0.9.0/go.mod h1:JEvLiYWT8p9WrNXrD1Ow97DphYsB9Bksr2lNmwG3Vm4=
github.com/larsartmann/templ-components v1.2.0 h1:jcD2rokFGubJ14YG4g5AueqhaSh/fV9tg95gjeUrH3U=
github.com/larsartmann/templ-components v1.2.0/go.mod h1:WYy1204gZeqEiD3i+hakhdaMAhWRQ4cyoh6p6V0FjRo=
github.com/oklog/ulid/v2 v2.1.2 h1:IEclFb9JNvzYA6MW2SCxbLzcHTVsfqm3PrqGQJH5zec=
github.com/oklog/ulid/v2 v2.1.2/go.mod h1:rcEKHmBBKfef9DhnvX7y1HZBYxjXb0cP5ExxNsTT1QQ=
github.com/pborman/getopt v0.0.0-20170112200414-7148bc3a4c30/go.mod h1:85jBQOZwpVEaDAr341tbn15RS4fCAsIst0qp7i8ex1o=
github.com/x448/float16 v0.8.4 h1:qLwI1I70+NjRFUR3zs1JPUCgaCXSh3SW62uAKT1mSBM=
github.com/x448/float16 v0.8.4/go.mod h1:14CWIYCyZA/cWjXOioeEpHeN/83MdbZDRQHoFcYsOfg=
go.opentelemetry.io/auto/sdk v1.2.1 h1:jXsnJ4Lmnqd11kwkBV2LgLoFMZKizbCi5fNZ/ipaZ64=
go.opentelemetry.io/auto/sdk v1.2.1/go.mod h1:KRTj+aOaElaLi+wW1kO/DZRXwkF4C5xPbEe3ZiIhN7Y=
go.opentelemetry.io/otel v1.44.0 h1:JjwHmHpA4iZ3wBxluu2fbbE7j4kqlE8jXyAyPXH7HqU=
go.opentelemetry.io/otel v1.44.0/go.mod h1:BMgjTHL9WPRlRjL2oZCBTL4whCGtXch2H4BhOPIAyYc=
go.opentelemetry.io/otel/metric v1.44.0 h1:1w0gILTcHdr3YI+ixLyjemwrVnsMURbTZFrSYCdDdmc=
go.opentelemetry.io/otel/metric v1.44.0/go.mod h1:8O7hanEPBNgEMmybD3s2VBKcgWOCsA6tzHBPODAiquo=
go.opentelemetry.io/otel/trace v1.44.0 h1:jxF5CsGYCe74MCRx2X4g7WsY/VBKRqqpNvXlX/6gtIk=
go.opentelemetry.io/otel/trace v1.44.0/go.mod h1:oLl1jrMQAVo6v3GAggN+1VH9VIz9iUSvW53sW1Q8PIE=
